
Microsoft Visual Studio Solution File, Format Version 12.00
# Visual Studio Version 16
VisualStudioVersion = 16.0.30406.217
MinimumVisualStudioVersion = 10.0.40219.1
Project("{FAE04EC0-301F-11D3-BF4B-00C04F79EFBC}") = "IValueConverterSample", "IValueConverterSample\IValueConverterSample.csproj", "{493B6998-0E06-497B-8ED9-DC22424C6968}"
EndProject
Global
	GlobalSection(SolutionConfigurationPlatforms) = preSolution
		Debug|Any CPU = Debug|Any CPU
		Release|Any CPU = Release|Any CPU
	EndGlobalSection
	GlobalSection(ProjectConfigurationPlatforms) = postSolution
		{493B6998-0E06-497B-8ED9-DC22424C6968}.Debug|Any CPU.ActiveCfg = Debug|Any CPU
		{493B6998-0E06-497B-8ED9-DC22424C6968}.Debug|Any CPU.Build.0 = Debug|Any CPU
		{493B6998-0E06-497B-8ED9-DC22424C6968}.Release|Any CPU.ActiveCfg = Release|Any CPU
		{493B6998-0E06-497B-8ED9-DC22424C6968}.Release|Any CPU.Build.0 = Release|Any CPU
	EndGlobalSection
	GlobalSection(SolutionProperties) = preSolution
		HideSolutionNode = FALSE
	EndGlobalSection
	GlobalSection(ExtensibilityGlobals) = postSolution
		SolutionGuid = {75FEE243-97C8-4A34-95C0-E56041B9C3CA}
	EndGlobalSection
EndGlobal
